Microsoft Visual Studio Solution File, Format Version 12.00
# Visual Studio Version 17
VisualStudioVersion = 17.5.2.0
MinimumVisualStudioVersion = 10.0.40219.1
Project("{FAE04EC0-301F-11D3-BF4B-00C04F79EFBC}") = "MicroondasDigital", "MicroondasDigital\MicroondasDigital.csproj", "{517DA80F-E6E0-7817-98BD-3BC724DB52F9}"
EndProject
Project("{FAE04EC0-301F-11D3-BF4B-00C04F79EFBC}") = "MicroondasCliente", "MicroondasCliente\MicroondasCliente.csproj", "{A1B2C3D4-E5F6-7890-ABCD-EF1234567890}"
EndProject
Global
    GlobalSection(SolutionConfigurationPlatforms) = preSolution
        Debug|Any CPU = Debug|Any CPU
        Release|Any CPU = Release|Any CPU
    EndGlobalSection
    GlobalSection(ProjectConfigurationPlatforms) = postSolution
        {517DA80F-E6E0-7817-98BD-3BC724DB52F9}.Debug|Any CPU.ActiveCfg = Debug|Any CPU
        {517DA80F-E6E0-7817-98BD-3BC724DB52F9}.Debug|Any CPU.Build.0 = Debug|Any CPU
        {517DA80F-E6E0-7817-98BD-3BC724DB52F9}.Release|Any CPU.ActiveCfg = Release|Any CPU
        {517DA80F-E6E0-7817-98BD-3BC724DB52F9}.Release|Any CPU.Build.0 = Release|Any CPU
        {A1B2C3D4-E5F6-7890-ABCD-EF1234567890}.Debug|Any CPU.ActiveCfg = Debug|Any CPU
        {A1B2C3D4-E5F6-7890-ABCD-EF1234567890}.Debug|Any CPU.Build.0 = Debug|Any CPU
        {A1B2C3D4-E5F6-7890-ABCD-EF1234567890}.Release|Any CPU.ActiveCfg = Release|Any CPU
        {A1B2C3D4-E5F6-7890-ABCD-EF1234567890}.Release|Any CPU.Build.0 = Release|Any CPU
    EndGlobalSection
    GlobalSection(SolutionProperties) = preSolution
        HideSolutionNode = FALSE
    EndGlobalSection
    GlobalSection(ExtensibilityGlobals) = postSolution
        SolutionGuid = {61DF5663-FD79-4E72-A68C-A500FABC3F76}
    EndGlobalSection
EndGlobal